
Microsoft Visual Studio Solution File, Format Version 12.00
# Visual Studio Version 16
VisualStudioVersion = 16.0.31424.327
MinimumVisualStudioVersion = 10.0.40219.1
Project("{FAE04EC0-301F-11D3-BF4B-00C04F79EFBC}") = "Selenium Sample", "Selenium Sample\Selenium Sample.csproj", "{0206D8A8-7E6F-4455-BDC1-F201AE94DF2C}"
EndProject
Global
	GlobalSection(SolutionConfigurationPlatforms) = preSolution
		Debug|Any CPU = Debug|Any CPU
		Release|Any CPU = Release|Any CPU
	EndGlobalSection
	GlobalSection(ProjectConfigurationPlatforms) = postSolution
		{0206D8A8-7E6F-4455-BDC1-F201AE94DF2C}.Debug|Any CPU.ActiveCfg = Debug|Any CPU
		{0206D8A8-7E6F-4455-BDC1-F201AE94DF2C}.Debug|Any CPU.Build.0 = Debug|Any CPU
		{0206D8A8-7E6F-4455-BDC1-F201AE94DF2C}.Release|Any CPU.ActiveCfg = Release|Any CPU
		{0206D8A8-7E6F-4455-BDC1-F201AE94DF2C}.Release|Any CPU.Build.0 = Release|Any CPU
	EndGlobalSection
	GlobalSection(SolutionProperties) = preSolution
		HideSolutionNode = FALSE
	EndGlobalSection
	GlobalSection(ExtensibilityGlobals) = postSolution
		SolutionGuid = {75ACE779-CA7D-457D-B52E-A6AE1A430464}
	EndGlobalSection
EndGlobal
